
Microsoft Visual Studio Solution File, Format Version 12.00
# Visual Studio Version 16
VisualStudioVersion = 16.0.30104.148
MinimumVisualStudioVersion = 10.0.40219.1
Project("{FAE04EC0-301F-11D3-BF4B-00C04F79EFBC}") = "Prototype", "Prototype.csproj", "{C4969047-241A-4E69-A940-B7FD395FC580}"
EndProject
Global
	GlobalSection(SolutionConfigurationPlatforms) = preSolution
		Debug|Any CPU = Debug|Any CPU
		Release|Any CPU = Release|Any CPU
	EndGlobalSection
	GlobalSection(ProjectConfigurationPlatforms) = postSolution
		{C4969047-241A-4E69-A940-B7FD395FC580}.Debug|Any CPU.ActiveCfg = Debug|Any CPU
		{C4969047-241A-4E69-A940-B7FD395FC580}.Debug|Any CPU.Build.0 = Debug|Any CPU
		{C4969047-241A-4E69-A940-B7FD395FC580}.Release|Any CPU.ActiveCfg = Release|Any CPU
		{C4969047-241A-4E69-A940-B7FD395FC580}.Release|Any CPU.Build.0 = Release|Any CPU
	EndGlobalSection
	GlobalSection(SolutionProperties) = preSolution
		HideSolutionNode = FALSE
	EndGlobalSection
	GlobalSection(ExtensibilityGlobals) = postSolution
		SolutionGuid = {25A7B9F7-49E0-4996-BA15-CBE894C4D772}
	EndGlobalSection
EndGlobal
